
Microsoft Visual Studio Solution File, Format Version 12.00
# Visual Studio Version 17
VisualStudioVersion = 17.3.32929.385
MinimumVisualStudioVersion = 10.0.40219.1
Project("{FAE04EC0-301F-11D3-BF4B-00C04F79EFBC}") = "Snake", "Snake.csproj", "{D317EB59-FB01-40F3-B717-DABFDB4F1F28}"
EndProject
Global
	GlobalSection(SolutionConfigurationPlatforms) = preSolution
		Debug|Any CPU = Debug|Any CPU
		Release|Any CPU = Release|Any CPU
	EndGlobalSection
	GlobalSection(ProjectConfigurationPlatforms) = postSolution
		{D317EB59-FB01-40F3-B717-DABFDB4F1F28}.Debug|Any CPU.ActiveCfg = Debug|Any CPU
		{D317EB59-FB01-40F3-B717-DABFDB4F1F28}.Debug|Any CPU.Build.0 = Debug|Any CPU
		{D317EB59-FB01-40F3-B717-DABFDB4F1F28}.Release|Any CPU.ActiveCfg = Release|Any CPU
		{D317EB59-FB01-40F3-B717-DABFDB4F1F28}.Release|Any CPU.Build.0 = Release|Any CPU
	EndGlobalSection
	GlobalSection(SolutionProperties) = preSolution
		HideSolutionNode = FALSE
	EndGlobalSection
	GlobalSection(ExtensibilityGlobals) = postSolution
		SolutionGuid = {6FE048EF-D7F4-4CB1-9F44-38F0606C7621}
	EndGlobalSection
EndGlobal
